
Microsoft Visual Studio Solution File, Format Version 12.00
# Visual Studio Version 17
VisualStudioVersion = 17.4.33110.190
MinimumVisualStudioVersion = 10.0.40219.1
Project("{FAE04EC0-301F-11D3-BF4B-00C04F79EFBC}") = "RecepHocaSoruCozumu", "RecepHocaSoruCozumu\RecepHocaSoruCozumu.csproj", "{EB920C2A-60F4-40A1-919F-27A3E24161AD}"
EndProject
Global
	GlobalSection(SolutionConfigurationPlatforms) = preSolution
		Debug|Any CPU = Debug|Any CPU
		Release|Any CPU = Release|Any CPU
	EndGlobalSection
	GlobalSection(ProjectConfigurationPlatforms) = postSolution
		{EB920C2A-60F4-40A1-919F-27A3E24161AD}.Debug|Any CPU.ActiveCfg = Debug|Any CPU
		{EB920C2A-60F4-40A1-919F-27A3E24161AD}.Debug|Any CPU.Build.0 = Debug|Any CPU
		{EB920C2A-60F4-40A1-919F-27A3E24161AD}.Release|Any CPU.ActiveCfg = Release|Any CPU
		{EB920C2A-60F4-40A1-919F-27A3E24161AD}.Release|Any CPU.Build.0 = Release|Any CPU
	EndGlobalSection
	GlobalSection(SolutionProperties) = preSolution
		HideSolutionNode = FALSE
	EndGlobalSection
	GlobalSection(ExtensibilityGlobals) = postSolution
		SolutionGuid = {ABB7DF2E-E90B-4684-BAF4-EBA1D1D25817}
	EndGlobalSection
EndGlobal
