
Microsoft Visual Studio Solution File, Format Version 12.00
# Visual Studio Version 17
VisualStudioVersion = 17.6.33829.357
MinimumVisualStudioVersion = 10.0.40219.1
Project("{FAE04EC0-301F-11D3-BF4B-00C04F79EFBC}") = "Application", "CleanArchitectureProject1\src\Application\Application.csproj", "{3841D827-C85F-4241-AB32-934429816FD4}"
EndProject
Project("{FAE04EC0-301F-11D3-BF4B-00C04F79EFBC}") = "Domain", "CleanArchitectureProject1\src\Domain\Domain.csproj", "{5DA08A9D-1615-4427-B596-B276C680F016}"
EndProject
Project("{FAE04EC0-301F-11D3-BF4B-00C04F79EFBC}") = "Infrastructure", "CleanArchitectureProject1\src\Infrastructure\Infrastructure.csproj", "{F77E0426-E2C8-4C3D-BD37-30F2BD63358E}"
EndProject
Project("{FAE04EC0-301F-11D3-BF4B-00C04F79EFBC}") = "Web", "CleanArchitectureProject1\src\Web\Web.csproj", "{E34CABBC-89CA-4B40-B2C0-73187855B231}"
EndProject
Project("{FAE04EC0-301F-11D3-BF4B-00C04F79EFBC}") = "Application.IntegrationTests", "CleanArchitectureProject1\tests\Application.IntegrationTests\Application.IntegrationTests.csproj", "{08717C2E-BB91-4B53-88E9-73FA32DB0C64}"
EndProject
Project("{FAE04EC0-301F-11D3-BF4B-00C04F79EFBC}") = "Application.UnitTests", "CleanArchitectureProject1\tests\Application.UnitTests\Application.UnitTests.csproj", "{2ADACAC5-D923-4484-AFAE-75BD8BD028AE}"
EndProject
Project("{FAE04EC0-301F-11D3-BF4B-00C04F79EFBC}") = "Domain.UnitTests", "CleanArchitectureProject1\tests\Domain.UnitTests\Domain.UnitTests.csproj", "{68B043F5-07BE-49B4-9BF8-EED8141F9285}"
EndProject
Global
	GlobalSection(SolutionConfigurationPlatforms) = preSolution
		Debug|Any CPU = Debug|Any CPU
		Release|Any CPU = Release|Any CPU
	EndGlobalSection
	GlobalSection(ProjectConfigurationPlatforms) = postSolution
		{3841D827-C85F-4241-AB32-934429816FD4}.Debug|Any CPU.ActiveCfg = Debug|Any CPU
		{3841D827-C85F-4241-AB32-934429816FD4}.Debug|Any CPU.Build.0 = Debug|Any CPU
		{3841D827-C85F-4241-AB32-934429816FD4}.Release|Any CPU.ActiveCfg = Release|Any CPU
		{3841D827-C85F-4241-AB32-934429816FD4}.Release|Any CPU.Build.0 = Release|Any CPU
		{5DA08A9D-1615-4427-B596-B276C680F016}.Debug|Any CPU.ActiveCfg = Debug|Any CPU
		{5DA08A9D-1615-4427-B596-B276C680F016}.Debug|Any CPU.Build.0 = Debug|Any CPU
		{5DA08A9D-1615-4427-B596-B276C680F016}.Release|Any CPU.ActiveCfg = Release|Any CPU
		{5DA08A9D-1615-4427-B596-B276C680F016}.Release|Any CPU.Build.0 = Release|Any CPU
		{F77E0426-E2C8-4C3D-BD37-30F2BD63358E}.Debug|Any CPU.ActiveCfg = Debug|Any CPU
		{F77E0426-E2C8-4C3D-BD37-30F2BD63358E}.Debug|Any CPU.Build.0 = Debug|Any CPU
		{F77E0426-E2C8-4C3D-BD37-30F2BD63358E}.Release|Any CPU.ActiveCfg = Release|Any CPU
		{F77E0426-E2C8-4C3D-BD37-30F2BD63358E}.Release|Any CPU.Build.0 = Release|Any CPU
		{E34CABBC-89CA-4B40-B2C0-73187855B231}.Debug|Any CPU.ActiveCfg = Debug|Any CPU
		{E34CABBC-89CA-4B40-B2C0-73187855B231}.Debug|Any CPU.Build.0 = Debug|Any CPU
		{E34CABBC-89CA-4B40-B2C0-73187855B231}.Release|Any CPU.ActiveCfg = Release|Any CPU
		{E34CABBC-89CA-4B40-B2C0-73187855B231}.Release|Any CPU.Build.0 = Release|Any CPU
		{08717C2E-BB91-4B53-88E9-73FA32DB0C64}.Debug|Any CPU.ActiveCfg = Debug|Any CPU
		{08717C2E-BB91-4B53-88E9-73FA32DB0C64}.Debug|Any CPU.Build.0 = Debug|Any CPU
		{08717C2E-BB91-4B53-88E9-73FA32DB0C64}.Release|Any CPU.ActiveCfg = Release|Any CPU
		{08717C2E-BB91-4B53-88E9-73FA32DB0C64}.Release|Any CPU.Build.0 = Release|Any CPU
		{2ADACAC5-D923-4484-AFAE-75BD8BD028AE}.Debug|Any CPU.ActiveCfg = Debug|Any CPU
		{2ADACAC5-D923-4484-AFAE-75BD8BD028AE}.Debug|Any CPU.Build.0 = Debug|Any CPU
		{2ADACAC5-D923-4484-AFAE-75BD8BD028AE}.Release|Any CPU.ActiveCfg = Release|Any CPU
		{2ADACAC5-D923-4484-AFAE-75BD8BD028AE}.Release|Any CPU.Build.0 = Release|Any CPU
		{68B043F5-07BE-49B4-9BF8-EED8141F9285}.Debug|Any CPU.ActiveCfg = Debug|Any CPU
		{68B043F5-07BE-49B4-9BF8-EED8141F9285}.Debug|Any CPU.Build.0 = Debug|Any CPU
		{68B043F5-07BE-49B4-9BF8-EED8141F9285}.Release|Any CPU.ActiveCfg = Release|Any CPU
		{68B043F5-07BE-49B4-9BF8-EED8141F9285}.Release|Any CPU.Build.0 = Release|Any CPU
	EndGlobalSection
	GlobalSection(SolutionProperties) = preSolution
		HideSolutionNode = FALSE
	EndGlobalSection
	GlobalSection(ExtensibilityGlobals) = postSolution
		SolutionGuid = {1F54DF92-CBB7-4C5B-889D-93E59D66AFBE}
	EndGlobalSection
EndGlobal
