
Microsoft Visual Studio Solution File, Format Version 12.00
# Visual Studio Version 17
VisualStudioVersion = 17.7.34024.191
MinimumVisualStudioVersion = 10.0.40219.1
Project("{FAE04EC0-301F-11D3-BF4B-00C04F79EFBC}") = "TCKimlikNoDogrulamaAlgoritma", "TCKimlikNoDogrulamaAlgoritma\TCKimlikNoDogrulamaAlgoritma.csproj", "{2D7F1666-D873-42A0-B389-CC4E1E1B595C}"
EndProject
Global
	GlobalSection(SolutionConfigurationPlatforms) = preSolution
		Debug|Any CPU = Debug|Any CPU
		Release|Any CPU = Release|Any CPU
	EndGlobalSection
	GlobalSection(ProjectConfigurationPlatforms) = postSolution
		{2D7F1666-D873-42A0-B389-CC4E1E1B595C}.Debug|Any CPU.ActiveCfg = Debug|Any CPU
		{2D7F1666-D873-42A0-B389-CC4E1E1B595C}.Debug|Any CPU.Build.0 = Debug|Any CPU
		{2D7F1666-D873-42A0-B389-CC4E1E1B595C}.Release|Any CPU.ActiveCfg = Release|Any CPU
		{2D7F1666-D873-42A0-B389-CC4E1E1B595C}.Release|Any CPU.Build.0 = Release|Any CPU
	EndGlobalSection
	GlobalSection(SolutionProperties) = preSolution
		HideSolutionNode = FALSE
	EndGlobalSection
	GlobalSection(ExtensibilityGlobals) = postSolution
		SolutionGuid = {E3E877EB-898C-43E1-8E53-C0D398F10619}
	EndGlobalSection
EndGlobal
