
Microsoft Visual Studio Solution File, Format Version 12.00
# Visual Studio Version 17
VisualStudioVersion = 17.6.33829.357
MinimumVisualStudioVersion = 10.0.40219.1
Project("{FAE04EC0-301F-11D3-BF4B-00C04F79EFBC}") = "WorkerService1", "WorkerService1\WorkerService1.csproj", "{42F5DA5F-6FCB-4494-A8BD-70B24A4BBF34}"
EndProject
Global
	GlobalSection(SolutionConfigurationPlatforms) = preSolution
		Debug|Any CPU = Debug|Any CPU
		Release|Any CPU = Release|Any CPU
	EndGlobalSection
	GlobalSection(ProjectConfigurationPlatforms) = postSolution
		{42F5DA5F-6FCB-4494-A8BD-70B24A4BBF34}.Debug|Any CPU.ActiveCfg = Debug|Any CPU
		{42F5DA5F-6FCB-4494-A8BD-70B24A4BBF34}.Debug|Any CPU.Build.0 = Debug|Any CPU
		{42F5DA5F-6FCB-4494-A8BD-70B24A4BBF34}.Release|Any CPU.ActiveCfg = Release|Any CPU
		{42F5DA5F-6FCB-4494-A8BD-70B24A4BBF34}.Release|Any CPU.Build.0 = Release|Any CPU
	EndGlobalSection
	GlobalSection(SolutionProperties) = preSolution
		HideSolutionNode = FALSE
	EndGlobalSection
	GlobalSection(ExtensibilityGlobals) = postSolution
		SolutionGuid = {22FBD35C-9B3B-4D56-9673-26E249009F2D}
	EndGlobalSection
EndGlobal
