
Microsoft Visual Studio Solution File, Format Version 12.00
# Visual Studio Version 17
VisualStudioVersion = 17.4.33110.190
MinimumVisualStudioVersion = 10.0.40219.1
Project("{9A19103F-16F7-4668-BE54-9A1E7A4F7556}") = "AzureCosmosDbWebApi", "AzureCosmosDbWebApi\AzureCosmosDbWebApi.csproj", "{E61580D4-9A18-4BE6-A5DA-344113F5BF7D}"
EndProject
Global
	GlobalSection(SolutionConfigurationPlatforms) = preSolution
		Debug|Any CPU = Debug|Any CPU
		Release|Any CPU = Release|Any CPU
	EndGlobalSection
	GlobalSection(ProjectConfigurationPlatforms) = postSolution
		{E61580D4-9A18-4BE6-A5DA-344113F5BF7D}.Debug|Any CPU.ActiveCfg = Debug|Any CPU
		{E61580D4-9A18-4BE6-A5DA-344113F5BF7D}.Debug|Any CPU.Build.0 = Debug|Any CPU
		{E61580D4-9A18-4BE6-A5DA-344113F5BF7D}.Release|Any CPU.ActiveCfg = Release|Any CPU
		{E61580D4-9A18-4BE6-A5DA-344113F5BF7D}.Release|Any CPU.Build.0 = Release|Any CPU
	EndGlobalSection
	GlobalSection(SolutionProperties) = preSolution
		HideSolutionNode = FALSE
	EndGlobalSection
	GlobalSection(ExtensibilityGlobals) = postSolution
		SolutionGuid = {6FF0EBD9-394D-4AFD-99E6-CE744DA7B733}
	EndGlobalSection
EndGlobal
