
Microsoft Visual Studio Solution File, Format Version 12.00
# Visual Studio Version 17
VisualStudioVersion = 17.6.33829.357
MinimumVisualStudioVersion = 10.0.40219.1
Project("{FAE04EC0-301F-11D3-BF4B-00C04F79EFBC}") = "StrategyDesignPattern", "StrategyDesignPattern\StrategyDesignPattern.csproj", "{79C4C6BE-F17A-4BB3-ABE4-8DD663EA01E9}"
EndProject
Global
	GlobalSection(SolutionConfigurationPlatforms) = preSolution
		Debug|Any CPU = Debug|Any CPU
		Release|Any CPU = Release|Any CPU
	EndGlobalSection
	GlobalSection(ProjectConfigurationPlatforms) = postSolution
		{79C4C6BE-F17A-4BB3-ABE4-8DD663EA01E9}.Debug|Any CPU.ActiveCfg = Debug|Any CPU
		{79C4C6BE-F17A-4BB3-ABE4-8DD663EA01E9}.Debug|Any CPU.Build.0 = Debug|Any CPU
		{79C4C6BE-F17A-4BB3-ABE4-8DD663EA01E9}.Release|Any CPU.ActiveCfg = Release|Any CPU
		{79C4C6BE-F17A-4BB3-ABE4-8DD663EA01E9}.Release|Any CPU.Build.0 = Release|Any CPU
	EndGlobalSection
	GlobalSection(SolutionProperties) = preSolution
		HideSolutionNode = FALSE
	EndGlobalSection
	GlobalSection(ExtensibilityGlobals) = postSolution
		SolutionGuid = {016833AE-8132-47B8-9893-DC94457FF37E}
	EndGlobalSection
EndGlobal
