
Microsoft Visual Studio Solution File, Format Version 12.00
# Visual Studio Version 17
VisualStudioVersion = 17.4.33110.190
MinimumVisualStudioVersion = 10.0.40219.1
Project("{FAE04EC0-301F-11D3-BF4B-00C04F79EFBC}") = "LeetCode", "LeetCode\LeetCode.csproj", "{8E4E5D82-9AA4-4105-A786-2352F5E30DD3}"
EndProject
Global
	GlobalSection(SolutionConfigurationPlatforms) = preSolution
		Debug|Any CPU = Debug|Any CPU
		Release|Any CPU = Release|Any CPU
	EndGlobalSection
	GlobalSection(ProjectConfigurationPlatforms) = postSolution
		{8E4E5D82-9AA4-4105-A786-2352F5E30DD3}.Debug|Any CPU.ActiveCfg = Debug|Any CPU
		{8E4E5D82-9AA4-4105-A786-2352F5E30DD3}.Debug|Any CPU.Build.0 = Debug|Any CPU
		{8E4E5D82-9AA4-4105-A786-2352F5E30DD3}.Release|Any CPU.ActiveCfg = Release|Any CPU
		{8E4E5D82-9AA4-4105-A786-2352F5E30DD3}.Release|Any CPU.Build.0 = Release|Any CPU
	EndGlobalSection
	GlobalSection(SolutionProperties) = preSolution
		HideSolutionNode = FALSE
	EndGlobalSection
	GlobalSection(ExtensibilityGlobals) = postSolution
		SolutionGuid = {DDD3607D-16BA-4F06-B5BC-1C161BC4539A}
	EndGlobalSection
EndGlobal
