
Microsoft Visual Studio Solution File, Format Version 12.00
# Visual Studio Version 17
VisualStudioVersion = 17.4.33110.190
MinimumVisualStudioVersion = 10.0.40219.1
Project("{FAE04EC0-301F-11D3-BF4B-00C04F79EFBC}") = "ConsoleProgressBarExample", "ConsoleProgressBarExample\ConsoleProgressBarExample.csproj", "{69942F1F-2BD9-4B39-987A-28ECE102303B}"
EndProject
Global
	GlobalSection(SolutionConfigurationPlatforms) = preSolution
		Debug|Any CPU = Debug|Any CPU
		Release|Any CPU = Release|Any CPU
	EndGlobalSection
	GlobalSection(ProjectConfigurationPlatforms) = postSolution
		{69942F1F-2BD9-4B39-987A-28ECE102303B}.Debug|Any CPU.ActiveCfg = Debug|Any CPU
		{69942F1F-2BD9-4B39-987A-28ECE102303B}.Debug|Any CPU.Build.0 = Debug|Any CPU
		{69942F1F-2BD9-4B39-987A-28ECE102303B}.Release|Any CPU.ActiveCfg = Release|Any CPU
		{69942F1F-2BD9-4B39-987A-28ECE102303B}.Release|Any CPU.Build.0 = Release|Any CPU
	EndGlobalSection
	GlobalSection(SolutionProperties) = preSolution
		HideSolutionNode = FALSE
	EndGlobalSection
	GlobalSection(ExtensibilityGlobals) = postSolution
		SolutionGuid = {02930364-E42A-404F-99C5-992C1214637C}
	EndGlobalSection
EndGlobal
