
Microsoft Visual Studio Solution File, Format Version 12.00
# Visual Studio Version 17
VisualStudioVersion = 17.4.33110.190
MinimumVisualStudioVersion = 10.0.40219.1
Project("{FAE04EC0-301F-11D3-BF4B-00C04F79EFBC}") = "FakerDummyData", "FakerDummyData\FakerDummyData.csproj", "{3487A2F5-CDD4-4788-ACBA-1DD352E450E3}"
EndProject
Global
	GlobalSection(SolutionConfigurationPlatforms) = preSolution
		Debug|Any CPU = Debug|Any CPU
		Release|Any CPU = Release|Any CPU
	EndGlobalSection
	GlobalSection(ProjectConfigurationPlatforms) = postSolution
		{3487A2F5-CDD4-4788-ACBA-1DD352E450E3}.Debug|Any CPU.ActiveCfg = Debug|Any CPU
		{3487A2F5-CDD4-4788-ACBA-1DD352E450E3}.Debug|Any CPU.Build.0 = Debug|Any CPU
		{3487A2F5-CDD4-4788-ACBA-1DD352E450E3}.Release|Any CPU.ActiveCfg = Release|Any CPU
		{3487A2F5-CDD4-4788-ACBA-1DD352E450E3}.Release|Any CPU.Build.0 = Release|Any CPU
	EndGlobalSection
	GlobalSection(SolutionProperties) = preSolution
		HideSolutionNode = FALSE
	EndGlobalSection
	GlobalSection(ExtensibilityGlobals) = postSolution
		SolutionGuid = {51479697-ACC7-44F2-8222-EB89900CF2E7}
	EndGlobalSection
EndGlobal
